PODS:
  - Alamofire (4.8.0)
  - MastercardOAuth (0.4.0)

DEPENDENCIES:
  - Alamofire (~> 4.0)
  - MastercardOAuth (from `../`)

SPEC REPOS:
  https://github.com/cocoapods/specs.git:
    - Alamofire

EXTERNAL SOURCES:
  MastercardOAuth:
    :path: "../"

SPEC CHECKSUMS:
  Alamofire: 3ec537f71edc9804815215393ae2b1a8ea33a844
  MastercardOAuth: 88095be043664ea3db340f8f5da12d150d9d72bb

PODFILE CHECKSUM: 7453bdc22497d70457cb6bb4c851e507525173ae

COCOAPODS: 1.5.3
